
Microsoft Visual Studio Solution File, Format Version 12.00
# Visual Studio 15
VisualStudioVersion = 15.0.26430.6
MinimumVisualStudioVersion = 10.0.40219.1
Project("{FAE04EC0-301F-11D3-BF4B-00C04F79EFBC}") = "Plasticfloor.Money", "Plasticfloor.Money\Plasticfloor.Money.csproj", "{3A18FF12-7641-422B-8D26-C03656D5AB28}"
EndProject
Project("{FAE04EC0-301F-11D3-BF4B-00C04F79EFBC}") = "Plasticfloor.Money.Tests", "Plasticfloor.Money.Tests\Plasticfloor.Money.Tests.csproj", "{ECAD371C-9438-4B61-9151-5A5F587551D0}"
EndProject
Global
	GlobalSection(SolutionConfigurationPlatforms) = preSolution
		Debug|Any CPU = Debug|Any CPU
		Release|Any CPU = Release|Any CPU
	EndGlobalSection
	GlobalSection(ProjectConfigurationPlatforms) = postSolution
		{3A18FF12-7641-422B-8D26-C03656D5AB28}.Debug|Any CPU.ActiveCfg = Debug|Any CPU
		{3A18FF12-7641-422B-8D26-C03656D5AB28}.Debug|Any CPU.Build.0 = Debug|Any CPU
		{3A18FF12-7641-422B-8D26-C03656D5AB28}.Release|Any CPU.ActiveCfg = Release|Any CPU
		{3A18FF12-7641-422B-8D26-C03656D5AB28}.Release|Any CPU.Build.0 = Release|Any CPU
		{ECAD371C-9438-4B61-9151-5A5F587551D0}.Debug|Any CPU.ActiveCfg = Debug|Any CPU
		{ECAD371C-9438-4B61-9151-5A5F587551D0}.Debug|Any CPU.Build.0 = Debug|Any CPU
		{ECAD371C-9438-4B61-9151-5A5F587551D0}.Release|Any CPU.ActiveCfg = Release|Any CPU
		{ECAD371C-9438-4B61-9151-5A5F587551D0}.Release|Any CPU.Build.0 = Release|Any CPU
	EndGlobalSection
	GlobalSection(SolutionProperties) = preSolution
		HideSolutionNode = FALSE
	EndGlobalSection
EndGlobal
