
Microsoft Visual Studio Solution File, Format Version 12.00
# Visual Studio 15
VisualStudioVersion = 15.0.26430.6
MinimumVisualStudioVersion = 10.0.40219.1
Project("{FAE04EC0-301F-11D3-BF4B-00C04F79EFBC}") = "Plasticfloor.Money", "Plasticfloor.Money\Plasticfloor.Money.csproj", "{3A18FF12-7641-422B-8D26-C03656D5AB28}"
EndProject
Project("{FAE04EC0-301F-11D3-BF4B-00C04F79EFBC}") = "Plasticfloor.Money.Tests", "Plasticfloor.Money.Tests\Plasticfloor.Money.Tests.csproj", "{ECAD371C-9438-4B61-9151-5A5F587551D0}"
EndProject
Project("{FAE04EC0-301F-11D3-BF4B-00C04F79EFBC}") = "Plasticfloor.Money40", "Plasticfloor.Money40\Plasticfloor.Money40.csproj", "{D1B8DF42-0C44-47EE-B60C-B09729B24121}"
EndProject
Project("{FAE04EC0-301F-11D3-BF4B-00C04F79EFBC}") = "Plasticfloor.Money35", "Plasticfloor.Money35\Plasticfloor.Money35.csproj", "{534D8B3B-A829-4F01-AC34-9751A7E1107C}"
EndProject
Project("{FAE04EC0-301F-11D3-BF4B-00C04F79EFBC}") = "Plasticfloor.Nuget", "Plasticfloor.Nuget\Plasticfloor.Nuget.csproj", "{6327F99C-2E7B-4C64-A79F-9F118A69933D}"
EndProject
Global
	GlobalSection(SolutionConfigurationPlatforms) = preSolution
		Debug|Any CPU = Debug|Any CPU
		Release|Any CPU = Release|Any CPU
	EndGlobalSection
	GlobalSection(ProjectConfigurationPlatforms) = postSolution
		{3A18FF12-7641-422B-8D26-C03656D5AB28}.Debug|Any CPU.ActiveCfg = Debug|Any CPU
		{3A18FF12-7641-422B-8D26-C03656D5AB28}.Debug|Any CPU.Build.0 = Debug|Any CPU
		{3A18FF12-7641-422B-8D26-C03656D5AB28}.Release|Any CPU.ActiveCfg = Release|Any CPU
		{3A18FF12-7641-422B-8D26-C03656D5AB28}.Release|Any CPU.Build.0 = Release|Any CPU
		{ECAD371C-9438-4B61-9151-5A5F587551D0}.Debug|Any CPU.ActiveCfg = Debug|Any CPU
		{ECAD371C-9438-4B61-9151-5A5F587551D0}.Debug|Any CPU.Build.0 = Debug|Any CPU
		{ECAD371C-9438-4B61-9151-5A5F587551D0}.Release|Any CPU.ActiveCfg = Release|Any CPU
		{ECAD371C-9438-4B61-9151-5A5F587551D0}.Release|Any CPU.Build.0 = Release|Any CPU
		{D1B8DF42-0C44-47EE-B60C-B09729B24121}.Debug|Any CPU.ActiveCfg = Debug|Any CPU
		{D1B8DF42-0C44-47EE-B60C-B09729B24121}.Debug|Any CPU.Build.0 = Debug|Any CPU
		{D1B8DF42-0C44-47EE-B60C-B09729B24121}.Release|Any CPU.ActiveCfg = Release|Any CPU
		{D1B8DF42-0C44-47EE-B60C-B09729B24121}.Release|Any CPU.Build.0 = Release|Any CPU
		{534D8B3B-A829-4F01-AC34-9751A7E1107C}.Debug|Any CPU.ActiveCfg = Debug|Any CPU
		{534D8B3B-A829-4F01-AC34-9751A7E1107C}.Debug|Any CPU.Build.0 = Debug|Any CPU
		{534D8B3B-A829-4F01-AC34-9751A7E1107C}.Release|Any CPU.ActiveCfg = Release|Any CPU
		{534D8B3B-A829-4F01-AC34-9751A7E1107C}.Release|Any CPU.Build.0 = Release|Any CPU
		{6327F99C-2E7B-4C64-A79F-9F118A69933D}.Debug|Any CPU.ActiveCfg = Debug|Any CPU
		{6327F99C-2E7B-4C64-A79F-9F118A69933D}.Debug|Any CPU.Build.0 = Debug|Any CPU
		{6327F99C-2E7B-4C64-A79F-9F118A69933D}.Release|Any CPU.ActiveCfg = Release|Any CPU
		{6327F99C-2E7B-4C64-A79F-9F118A69933D}.Release|Any CPU.Build.0 = Release|Any CPU
	EndGlobalSection
	GlobalSection(SolutionProperties) = preSolution
		HideSolutionNode = FALSE
	EndGlobalSection
EndGlobal
